
Microsoft Visual Studio Solution File, Format Version 12.00
# Visual Studio Version 17
VisualStudioVersion = 17.14.36511.14
MinimumVisualStudioVersion = 10.0.40219.1
Project("{2150E333-8FDC-42A3-9474-1A3956D46DE8}") = "Task0", "Task0", "{02EA681E-C7D8-13C7-8484-4AC65E1B71E8}"
EndProject
Project("{FAE04EC0-301F-11D3-BF4B-00C04F79EFBC}") = "Tyuiu.GaninAS.Sprint2.Task0.V19", "Tyuiu.GaninAS.Sprint2.Task0.V19\Tyuiu.GaninAS.Sprint2.Task0.V19.csproj", "{43781C40-74AD-4727-9993-BCEB4309069E}"
EndProject
Project("{FAE04EC0-301F-11D3-BF4B-00C04F79EFBC}") = "Tyuiu.GaninAS.Sprint2.Task0.V19.Lib", "Tyuiu.GaninAS.Sprint2.Task0.V19.Lib\Tyuiu.GaninAS.Sprint2.Task0.V19.Lib.csproj", "{37A222D2-331A-4CD0-979D-AB96B2987E04}"
EndProject
Project("{FAE04EC0-301F-11D3-BF4B-00C04F79EFBC}") = "Tyuiu.GaninAS.Sprint2.Task0.V19.Test", "Tyuiu.GaninAS.Sprint2.Task0.V19.Test\Tyuiu.GaninAS.Sprint2.Task0.V19.Test.csproj", "{CC4FF09F-0EE1-46DB-BAD7-A62E388DBE98}"
EndProject
Project("{2150E333-8FDC-42A3-9474-1A3956D46DE8}") = "Task1", "Task1", "{3B29B927-DF40-459E-A58D-2183E959A925}"
EndProject
Project("{FAE04EC0-301F-11D3-BF4B-00C04F79EFBC}") = "Tyuiu.GaninAS.Sprint2.Task1.V2", "Tyuiu.GaninAS.Sprint2.Task1.V2\Tyuiu.GaninAS.Sprint2.Task1.V2.csproj", "{CAA98FA4-6F5A-4A3B-B67A-7FA47BCBD2D0}"
EndProject
Project("{FAE04EC0-301F-11D3-BF4B-00C04F79EFBC}") = "Tyuiu.GaninAS.Sprint2.Task1.V2.Lib", "Tyuiu.GaninAS.Sprint2.Task1.V2.Lib\Tyuiu.GaninAS.Sprint2.Task1.V2.Lib.csproj", "{8550B9C6-CEEF-4FB9-80B4-EA9EF5F7473E}"
EndProject
Project("{FAE04EC0-301F-11D3-BF4B-00C04F79EFBC}") = "Tyuiu.GaninAS.Sprint2.Task1.V2.Test", "Tyuiu.GaninAS.Sprint2.Task1.V2.Test\Tyuiu.GaninAS.Sprint2.Task1.V2.Test.csproj", "{D369449A-9FFD-4658-9846-AE3D9156E064}"
EndProject
Project("{2150E333-8FDC-42A3-9474-1A3956D46DE8}") = "Task2", "Task2", "{D3272A28-607C-44D3-8799-EE2A7159F538}"
EndProject
Project("{FAE04EC0-301F-11D3-BF4B-00C04F79EFBC}") = "Tyuiu.GaninAS.Sprint2.Task2.V21", "Tyuiu.GaninAS.Sprint2.Task2.V21\Tyuiu.GaninAS.Sprint2.Task2.V21.csproj", "{C997C02E-3E64-4BFA-9833-FB0C7B8D529C}"
EndProject
Project("{FAE04EC0-301F-11D3-BF4B-00C04F79EFBC}") = "Tyuiu.GaninAS.Sprint2.Task2.V21.Test", "Tyuiu.GaninAS.Sprint2.Task2.V21.Test\Tyuiu.GaninAS.Sprint2.Task2.V21.Test.csproj", "{4C7A2649-29F1-4F28-94BB-8E3805FE34F2}"
EndProject
Project("{FAE04EC0-301F-11D3-BF4B-00C04F79EFBC}") = "Tyuiu.GaninAS.Sprint2.Task2.V21.Lib", "Tyuiu.GaninAS.Sprint2.Task2.V21.Lib\Tyuiu.GaninAS.Sprint2.Task2.V21.Lib.csproj", "{23A6EB94-405A-4455-BC2F-D58D4DE95E17}"
EndProject
Project("{2150E333-8FDC-42A3-9474-1A3956D46DE8}") = "Task3", "Task3", "{F4267419-F34B-4D51-841B-3052386705DB}"
EndProject
Project("{FAE04EC0-301F-11D3-BF4B-00C04F79EFBC}") = "Tyuiu.GaninAS.Sprint2.Task3.V2", "Tyuiu.GaninAS.Sprint2.Task3.V2\Tyuiu.GaninAS.Sprint2.Task3.V2.csproj", "{65C8EA07-91F4-43E1-B1C7-6CC9D29542C3}"
EndProject
Project("{FAE04EC0-301F-11D3-BF4B-00C04F79EFBC}") = "Tyuiu.GaninAS.Sprint2.Task3.V2.Test", "Tyuiu.GaninAS.Sprint2.Task3.V2.Test\Tyuiu.GaninAS.Sprint2.Task3.V2.Test.csproj", "{3498FFBB-3CFA-49D3-B5CC-3B807FF71F52}"
EndProject
Project("{FAE04EC0-301F-11D3-BF4B-00C04F79EFBC}") = "Tyuiu.GaninAS.Sprint2.Task3.V2.Lib", "Tyuiu.GaninAS.Sprint2.Task3.V2.Lib\Tyuiu.GaninAS.Sprint2.Task3.V2.Lib.csproj", "{27E44EB8-D28B-4E88-9D46-CC7B17296474}"
EndProject
Project("{2150E333-8FDC-42A3-9474-1A3956D46DE8}") = "Task4", "Task4", "{A28FAC88-36DB-4383-8C0C-98D8E7832597}"
EndProject
Project("{FAE04EC0-301F-11D3-BF4B-00C04F79EFBC}") = "Tyuiu.GaninAS.Sprint2.Task4.V30", "Tyuiu.GaninAS.Sprint2.Task4.V30\Tyuiu.GaninAS.Sprint2.Task4.V30.csproj", "{13AA928B-502F-4790-BA06-18CC87A65A32}"
EndProject
Project("{FAE04EC0-301F-11D3-BF4B-00C04F79EFBC}") = "Tyuiu.GaninAS.Sprint2.Task4.V30.Lib", "Tyuiu.GaninAS.Sprint2.Task4.V30.Lib\Tyuiu.GaninAS.Sprint2.Task4.V30.Lib.csproj", "{19638F4C-8DF1-4C81-8AC0-E703362F4EF2}"
EndProject
Project("{FAE04EC0-301F-11D3-BF4B-00C04F79EFBC}") = "Tyuiu.GaninAS.Sprint2.Task4.V30.Test", "Tyuiu.GaninAS.Sprint2.Task4.V30.Test\Tyuiu.GaninAS.Sprint2.Task4.V30.Test.csproj", "{4EA92F19-C657-47AE-A5F6-70A4A69AF383}"
EndProject
Project("{2150E333-8FDC-42A3-9474-1A3956D46DE8}") = "Task5", "Task5", "{550131A4-3B40-4789-B96F-4CC15DF01673}"
EndProject
Project("{FAE04EC0-301F-11D3-BF4B-00C04F79EFBC}") = "Tyuiu.GaninAS.Sprint2.Task5.V4", "Tyuiu.GaninAS.Sprint2.Task5.V4\Tyuiu.GaninAS.Sprint2.Task5.V4.csproj", "{840F6738-93A7-42A6-BAC1-8C74F39FF000}"
EndProject
Project("{FAE04EC0-301F-11D3-BF4B-00C04F79EFBC}") = "Tyuiu.GaninAS.Sprint2.Task5.V4.Lib", "Tyuiu.GaninAS.Sprint2.Task5.V4.Lib\Tyuiu.GaninAS.Sprint2.Task5.V4.Lib.csproj", "{2246195E-F16E-46DE-8475-D83BD509A571}"
EndProject
Project("{FAE04EC0-301F-11D3-BF4B-00C04F79EFBC}") = "Tyuiu.GaninAS.Sprint2.Task5.V4.Test", "Tyuiu.GaninAS.Sprint2.Task5.V4.Test\Tyuiu.GaninAS.Sprint2.Task5.V4.Test.csproj", "{E809592F-CEC3-4D3B-9402-646F169CC3B9}"
EndProject
Project("{2150E333-8FDC-42A3-9474-1A3956D46DE8}") = "Task6", "Task6", "{1A96D3CA-B2A2-422E-8062-2EAB97E4AB63}"
EndProject
Project("{FAE04EC0-301F-11D3-BF4B-00C04F79EFBC}") = "Tyuiu.GaninAS.Sprint2.Task6.V6.Lib", "Tyuiu.GaninAS.Sprint2.Task6.V6.Lib\Tyuiu.GaninAS.Sprint2.Task6.V6.Lib.csproj", "{FDE03325-5E39-4585-A8C2-147E4C976786}"
EndProject
Project("{FAE04EC0-301F-11D3-BF4B-00C04F79EFBC}") = "Tyuiu.GaninAS.Sprint2.Task6.V6.Test", "Tyuiu.GaninAS.Sprint2.Task6.V6.Test\Tyuiu.GaninAS.Sprint2.Task6.V6.Test.csproj", "{C853E5FB-3F4A-455B-A5FE-9BB67A45D6F3}"
EndProject
Project("{FAE04EC0-301F-11D3-BF4B-00C04F79EFBC}") = "Tyuiu.GaninAS.Sprint2.Task6.V6", "Tyuiu.GaninAS.Sprint2.Task6.V6\Tyuiu.GaninAS.Sprint2.Task6.V6.csproj", "{E95B6C62-4D0B-48E8-9121-5FE507CE9DD1}"
EndProject
Global
	GlobalSection(SolutionConfigurationPlatforms) = preSolution
		Debug|Any CPU = Debug|Any CPU
		Release|Any CPU = Release|Any CPU
	EndGlobalSection
	GlobalSection(ProjectConfigurationPlatforms) = postSolution
		{43781C40-74AD-4727-9993-BCEB4309069E}.Debug|Any CPU.ActiveCfg = Debug|Any CPU
		{43781C40-74AD-4727-9993-BCEB4309069E}.Debug|Any CPU.Build.0 = Debug|Any CPU
		{43781C40-74AD-4727-9993-BCEB4309069E}.Release|Any CPU.ActiveCfg = Release|Any CPU
		{43781C40-74AD-4727-9993-BCEB4309069E}.Release|Any CPU.Build.0 = Release|Any CPU
		{37A222D2-331A-4CD0-979D-AB96B2987E04}.Debug|Any CPU.ActiveCfg = Debug|Any CPU
		{37A222D2-331A-4CD0-979D-AB96B2987E04}.Debug|Any CPU.Build.0 = Debug|Any CPU
		{37A222D2-331A-4CD0-979D-AB96B2987E04}.Release|Any CPU.ActiveCfg = Release|Any CPU
		{37A222D2-331A-4CD0-979D-AB96B2987E04}.Release|Any CPU.Build.0 = Release|Any CPU
		{CC4FF09F-0EE1-46DB-BAD7-A62E388DBE98}.Debug|Any CPU.ActiveCfg = Debug|Any CPU
		{CC4FF09F-0EE1-46DB-BAD7-A62E388DBE98}.Debug|Any CPU.Build.0 = Debug|Any CPU
		{CC4FF09F-0EE1-46DB-BAD7-A62E388DBE98}.Release|Any CPU.ActiveCfg = Release|Any CPU
		{CC4FF09F-0EE1-46DB-BAD7-A62E388DBE98}.Release|Any CPU.Build.0 = Release|Any CPU
		{CAA98FA4-6F5A-4A3B-B67A-7FA47BCBD2D0}.Debug|Any CPU.ActiveCfg = Debug|Any CPU
		{CAA98FA4-6F5A-4A3B-B67A-7FA47BCBD2D0}.Debug|Any CPU.Build.0 = Debug|Any CPU
		{CAA98FA4-6F5A-4A3B-B67A-7FA47BCBD2D0}.Release|Any CPU.ActiveCfg = Release|Any CPU
		{CAA98FA4-6F5A-4A3B-B67A-7FA47BCBD2D0}.Release|Any CPU.Build.0 = Release|Any CPU
		{8550B9C6-CEEF-4FB9-80B4-EA9EF5F7473E}.Debug|Any CPU.ActiveCfg = Debug|Any CPU
		{8550B9C6-CEEF-4FB9-80B4-EA9EF5F7473E}.Debug|Any CPU.Build.0 = Debug|Any CPU
		{8550B9C6-CEEF-4FB9-80B4-EA9EF5F7473E}.Release|Any CPU.ActiveCfg = Release|Any CPU
		{8550B9C6-CEEF-4FB9-80B4-EA9EF5F7473E}.Release|Any CPU.Build.0 = Release|Any CPU
		{D369449A-9FFD-4658-9846-AE3D9156E064}.Debug|Any CPU.ActiveCfg = Debug|Any CPU
		{D369449A-9FFD-4658-9846-AE3D9156E064}.Debug|Any CPU.Build.0 = Debug|Any CPU
		{D369449A-9FFD-4658-9846-AE3D9156E064}.Release|Any CPU.ActiveCfg = Release|Any CPU
		{D369449A-9FFD-4658-9846-AE3D9156E064}.Release|Any CPU.Build.0 = Release|Any CPU
		{C997C02E-3E64-4BFA-9833-FB0C7B8D529C}.Debug|Any CPU.ActiveCfg = Debug|Any CPU
		{C997C02E-3E64-4BFA-9833-FB0C7B8D529C}.Debug|Any CPU.Build.0 = Debug|Any CPU
		{C997C02E-3E64-4BFA-9833-FB0C7B8D529C}.Release|Any CPU.ActiveCfg = Release|Any CPU
		{C997C02E-3E64-4BFA-9833-FB0C7B8D529C}.Release|Any CPU.Build.0 = Release|Any CPU
		{4C7A2649-29F1-4F28-94BB-8E3805FE34F2}.Debug|Any CPU.ActiveCfg = Debug|Any CPU
		{4C7A2649-29F1-4F28-94BB-8E3805FE34F2}.Debug|Any CPU.Build.0 = Debug|Any CPU
		{4C7A2649-29F1-4F28-94BB-8E3805FE34F2}.Release|Any CPU.ActiveCfg = Release|Any CPU
		{4C7A2649-29F1-4F28-94BB-8E3805FE34F2}.Release|Any CPU.Build.0 = Release|Any CPU
		{23A6EB94-405A-4455-BC2F-D58D4DE95E17}.Debug|Any CPU.ActiveCfg = Debug|Any CPU
		{23A6EB94-405A-4455-BC2F-D58D4DE95E17}.Debug|Any CPU.Build.0 = Debug|Any CPU
		{23A6EB94-405A-4455-BC2F-D58D4DE95E17}.Release|Any CPU.ActiveCfg = Release|Any CPU
		{23A6EB94-405A-4455-BC2F-D58D4DE95E17}.Release|Any CPU.Build.0 = Release|Any CPU
		{65C8EA07-91F4-43E1-B1C7-6CC9D29542C3}.Debug|Any CPU.ActiveCfg = Debug|Any CPU
		{65C8EA07-91F4-43E1-B1C7-6CC9D29542C3}.Debug|Any CPU.Build.0 = Debug|Any CPU
		{65C8EA07-91F4-43E1-B1C7-6CC9D29542C3}.Release|Any CPU.ActiveCfg = Release|Any CPU
		{65C8EA07-91F4-43E1-B1C7-6CC9D29542C3}.Release|Any CPU.Build.0 = Release|Any CPU
		{3498FFBB-3CFA-49D3-B5CC-3B807FF71F52}.Debug|Any CPU.ActiveCfg = Debug|Any CPU
		{3498FFBB-3CFA-49D3-B5CC-3B807FF71F52}.Debug|Any CPU.Build.0 = Debug|Any CPU
		{3498FFBB-3CFA-49D3-B5CC-3B807FF71F52}.Release|Any CPU.ActiveCfg = Release|Any CPU
		{3498FFBB-3CFA-49D3-B5CC-3B807FF71F52}.Release|Any CPU.Build.0 = Release|Any CPU
		{27E44EB8-D28B-4E88-9D46-CC7B17296474}.Debug|Any CPU.ActiveCfg = Debug|Any CPU
		{27E44EB8-D28B-4E88-9D46-CC7B17296474}.Debug|Any CPU.Build.0 = Debug|Any CPU
		{27E44EB8-D28B-4E88-9D46-CC7B17296474}.Release|Any CPU.ActiveCfg = Release|Any CPU
		{27E44EB8-D28B-4E88-9D46-CC7B17296474}.Release|Any CPU.Build.0 = Release|Any CPU
		{13AA928B-502F-4790-BA06-18CC87A65A32}.Debug|Any CPU.ActiveCfg = Debug|Any CPU
		{13AA928B-502F-4790-BA06-18CC87A65A32}.Debug|Any CPU.Build.0 = Debug|Any CPU
		{13AA928B-502F-4790-BA06-18CC87A65A32}.Release|Any CPU.ActiveCfg = Release|Any CPU
		{13AA928B-502F-4790-BA06-18CC87A65A32}.Release|Any CPU.Build.0 = Release|Any CPU
		{19638F4C-8DF1-4C81-8AC0-E703362F4EF2}.Debug|Any CPU.ActiveCfg = Debug|Any CPU
		{19638F4C-8DF1-4C81-8AC0-E703362F4EF2}.Debug|Any CPU.Build.0 = Debug|Any CPU
		{19638F4C-8DF1-4C81-8AC0-E703362F4EF2}.Release|Any CPU.ActiveCfg = Release|Any CPU
		{19638F4C-8DF1-4C81-8AC0-E703362F4EF2}.Release|Any CPU.Build.0 = Release|Any CPU
		{4EA92F19-C657-47AE-A5F6-70A4A69AF383}.Debug|Any CPU.ActiveCfg = Debug|Any CPU
		{4EA92F19-C657-47AE-A5F6-70A4A69AF383}.Debug|Any CPU.Build.0 = Debug|Any CPU
		{4EA92F19-C657-47AE-A5F6-70A4A69AF383}.Release|Any CPU.ActiveCfg = Release|Any CPU
		{4EA92F19-C657-47AE-A5F6-70A4A69AF383}.Release|Any CPU.Build.0 = Release|Any CPU
		{840F6738-93A7-42A6-BAC1-8C74F39FF000}.Debug|Any CPU.ActiveCfg = Debug|Any CPU
		{840F6738-93A7-42A6-BAC1-8C74F39FF000}.Debug|Any CPU.Build.0 = Debug|Any CPU
		{840F6738-93A7-42A6-BAC1-8C74F39FF000}.Release|Any CPU.ActiveCfg = Release|Any CPU
		{840F6738-93A7-42A6-BAC1-8C74F39FF000}.Release|Any CPU.Build.0 = Release|Any CPU
		{2246195E-F16E-46DE-8475-D83BD509A571}.Debug|Any CPU.ActiveCfg = Debug|Any CPU
		{2246195E-F16E-46DE-8475-D83BD509A571}.Debug|Any CPU.Build.0 = Debug|Any CPU
		{2246195E-F16E-46DE-8475-D83BD509A571}.Release|Any CPU.ActiveCfg = Release|Any CPU
		{2246195E-F16E-46DE-8475-D83BD509A571}.Release|Any CPU.Build.0 = Release|Any CPU
		{E809592F-CEC3-4D3B-9402-646F169CC3B9}.Debug|Any CPU.ActiveCfg = Debug|Any CPU
		{E809592F-CEC3-4D3B-9402-646F169CC3B9}.Debug|Any CPU.Build.0 = Debug|Any CPU
		{E809592F-CEC3-4D3B-9402-646F169CC3B9}.Release|Any CPU.ActiveCfg = Release|Any CPU
		{E809592F-CEC3-4D3B-9402-646F169CC3B9}.Release|Any CPU.Build.0 = Release|Any CPU
		{FDE03325-5E39-4585-A8C2-147E4C976786}.Debug|Any CPU.ActiveCfg = Debug|Any CPU
		{FDE03325-5E39-4585-A8C2-147E4C976786}.Debug|Any CPU.Build.0 = Debug|Any CPU
		{FDE03325-5E39-4585-A8C2-147E4C976786}.Release|Any CPU.ActiveCfg = Release|Any CPU
		{FDE03325-5E39-4585-A8C2-147E4C976786}.Release|Any CPU.Build.0 = Release|Any CPU
		{C853E5FB-3F4A-455B-A5FE-9BB67A45D6F3}.Debug|Any CPU.ActiveCfg = Debug|Any CPU
		{C853E5FB-3F4A-455B-A5FE-9BB67A45D6F3}.Debug|Any CPU.Build.0 = Debug|Any CPU
		{C853E5FB-3F4A-455B-A5FE-9BB67A45D6F3}.Release|Any CPU.ActiveCfg = Release|Any CPU
		{C853E5FB-3F4A-455B-A5FE-9BB67A45D6F3}.Release|Any CPU.Build.0 = Release|Any CPU
		{E95B6C62-4D0B-48E8-9121-5FE507CE9DD1}.Debug|Any CPU.ActiveCfg = Debug|Any CPU
		{E95B6C62-4D0B-48E8-9121-5FE507CE9DD1}.Debug|Any CPU.Build.0 = Debug|Any CPU
		{E95B6C62-4D0B-48E8-9121-5FE507CE9DD1}.Release|Any CPU.ActiveCfg = Release|Any CPU
		{E95B6C62-4D0B-48E8-9121-5FE507CE9DD1}.Release|Any CPU.Build.0 = Release|Any CPU
	EndGlobalSection
	GlobalSection(SolutionProperties) = preSolution
		HideSolutionNode = FALSE
	EndGlobalSection
	GlobalSection(NestedProjects) = preSolution
		{43781C40-74AD-4727-9993-BCEB4309069E} = {02EA681E-C7D8-13C7-8484-4AC65E1B71E8}
		{37A222D2-331A-4CD0-979D-AB96B2987E04} = {02EA681E-C7D8-13C7-8484-4AC65E1B71E8}
		{CC4FF09F-0EE1-46DB-BAD7-A62E388DBE98} = {02EA681E-C7D8-13C7-8484-4AC65E1B71E8}
		{CAA98FA4-6F5A-4A3B-B67A-7FA47BCBD2D0} = {3B29B927-DF40-459E-A58D-2183E959A925}
		{8550B9C6-CEEF-4FB9-80B4-EA9EF5F7473E} = {3B29B927-DF40-459E-A58D-2183E959A925}
		{D369449A-9FFD-4658-9846-AE3D9156E064} = {3B29B927-DF40-459E-A58D-2183E959A925}
		{C997C02E-3E64-4BFA-9833-FB0C7B8D529C} = {D3272A28-607C-44D3-8799-EE2A7159F538}
		{4C7A2649-29F1-4F28-94BB-8E3805FE34F2} = {D3272A28-607C-44D3-8799-EE2A7159F538}
		{23A6EB94-405A-4455-BC2F-D58D4DE95E17} = {D3272A28-607C-44D3-8799-EE2A7159F538}
		{65C8EA07-91F4-43E1-B1C7-6CC9D29542C3} = {F4267419-F34B-4D51-841B-3052386705DB}
		{3498FFBB-3CFA-49D3-B5CC-3B807FF71F52} = {F4267419-F34B-4D51-841B-3052386705DB}
		{27E44EB8-D28B-4E88-9D46-CC7B17296474} = {F4267419-F34B-4D51-841B-3052386705DB}
		{13AA928B-502F-4790-BA06-18CC87A65A32} = {A28FAC88-36DB-4383-8C0C-98D8E7832597}
		{19638F4C-8DF1-4C81-8AC0-E703362F4EF2} = {A28FAC88-36DB-4383-8C0C-98D8E7832597}
		{4EA92F19-C657-47AE-A5F6-70A4A69AF383} = {A28FAC88-36DB-4383-8C0C-98D8E7832597}
		{840F6738-93A7-42A6-BAC1-8C74F39FF000} = {550131A4-3B40-4789-B96F-4CC15DF01673}
		{2246195E-F16E-46DE-8475-D83BD509A571} = {550131A4-3B40-4789-B96F-4CC15DF01673}
		{E809592F-CEC3-4D3B-9402-646F169CC3B9} = {550131A4-3B40-4789-B96F-4CC15DF01673}
		{FDE03325-5E39-4585-A8C2-147E4C976786} = {1A96D3CA-B2A2-422E-8062-2EAB97E4AB63}
		{C853E5FB-3F4A-455B-A5FE-9BB67A45D6F3} = {1A96D3CA-B2A2-422E-8062-2EAB97E4AB63}
		{E95B6C62-4D0B-48E8-9121-5FE507CE9DD1} = {1A96D3CA-B2A2-422E-8062-2EAB97E4AB63}
	EndGlobalSection
	GlobalSection(ExtensibilityGlobals) = postSolution
		SolutionGuid = {4046D5E7-C9E2-4054-A723-2AD2735F7199}
	EndGlobalSection
EndGlobal
